// !$*UTF8*$!
{
	archiveVersion = 1;
	classes = {
	};
	objectVersion = 46;
	objects = {

/* Begin PBXBuildFile section */
		2B2D3222881F806E96D7ED70 /* Pods_Quote_App.framework in Frameworks */ = {isa = PBXBuildFile; fileRef = 4945827A100CCBD62DADD355 /* Pods_Quote_App.framework */; };
		7E3E6BBE1F38DB5700AF718C /* AppDelegate.swift in Sources */ = {isa = PBXBuildFile; fileRef = 7E3E6BBD1F38DB5700AF718C /* AppDelegate.swift */; };
		7E3E6BC31F38DB5700AF718C /* Main.storyboard in Resources */ = {isa = PBXBuildFile; fileRef = 7E3E6BC11F38DB5700AF718C /* Main.storyboard */; };
		7E3E6BC51F38DB5700AF718C /* Assets.xcassets in Resources */ = {isa = PBXBuildFile; fileRef = 7E3E6BC41F38DB5700AF718C /* Assets.xcassets */; };
		7E3E6BC81F38DB5700AF718C /* LaunchScreen.storyboard in Resources */ = {isa = PBXBuildFile; fileRef = 7E3E6BC61F38DB5700AF718C /* LaunchScreen.storyboard */; };
		7E3E6BD11F38DC4800AF718C /* CustomTableViewCell.swift in Sources */ = {isa = PBXBuildFile; fileRef = 7E3E6BD01F38DC4800AF718C /* CustomTableViewCell.swift */; };
		7E3E6BD31F38DCEB00AF718C /* QuoteBuilderViewController.swift in Sources */ = {isa = PBXBuildFile; fileRef = 7E3E6BD21F38DCEB00AF718C /* QuoteBuilderViewController.swift */; };
		7EC75F631F38E447004E29DF /* APIManager.swift in Sources */ = {isa = PBXBuildFile; fileRef = 7EC75F621F38E447004E29DF /* APIManager.swift */; };
		7EC75F671F38E46E004E29DF /* Quote.swift in Sources */ = {isa = PBXBuildFile; fileRef = 7EC75F661F38E46E004E29DF /* Quote.swift */; };
		7EC75F6C1F38EA41004E29DF /* MainViewController.swift in Sources */ = {isa = PBXBuildFile; fileRef = 7EC75F6B1F38EA41004E29DF /* MainViewController.swift */; };
/* End PBXBuildFile section */

/* Begin PBXFileReference section */
		4945827A100CCBD62DADD355 /* Pods_Quote_App.framework */ = {isa = PBXFileReference; explicitFileType = wrapper.framework; includeInIndex = 0; path = Pods_Quote_App.framework; sourceTree = BUILT_PRODUCTS_DIR; };
		5C9E17FA0DC0C81F88F604CB /* Pods-Quote App.release.xcconfig */ = {isa = PBXFileReference; includeInIndex = 1; lastKnownFileType = text.xcconfig; name = "Pods-Quote App.release.xcconfig"; path = "Pods/Target Support Files/Pods-Quote App/Pods-Quote App.release.xcconfig"; sourceTree = "<group>"; };
		7E3E6BBA1F38DB5700AF718C /* Quote App.app */ = {isa = PBXFileReference; explicitFileType = wrapper.application; includeInIndex = 0; path = "Quote App.app"; sourceTree = BUILT_PRODUCTS_DIR; };
		7E3E6BBD1F38DB5700AF718C /* AppDelegate.swift */ = {isa = PBXFileReference; lastKnownFileType = sourcecode.swift; path = AppDelegate.swift; sourceTree = "<group>"; };
		7E3E6BC21F38DB5700AF718C /* Base */ = {isa = PBXFileReference; lastKnownFileType = file.storyboard; name = Base; path = Base.lproj/Main.storyboard; sourceTree = "<group>"; };
		7E3E6BC41F38DB5700AF718C /* Assets.xcassets */ = {isa = PBXFileReference; lastKnownFileType = folder.assetcatalog; path = Assets.xcassets; sourceTree = "<group>"; };
		7E3E6BC71F38DB5700AF718C /* Base */ = {isa = PBXFileReference; lastKnownFileType = file.storyboard; name = Base; path = Base.lproj/LaunchScreen.storyboard; sourceTree = "<group>"; };
		7E3E6BC91F38DB5700AF718C /* Info.plist */ = {isa = PBXFileReference; lastKnownFileType = text.plist.xml; path = Info.plist; sourceTree = "<group>"; };
		7E3E6BD01F38DC4800AF718C /* CustomTableViewCell.swift */ = {isa = PBXFileReference; fileEncoding = 4; lastKnownFileType = sourcecode.swift; path = CustomTableViewCell.swift; sourceTree = "<group>"; };
		7E3E6BD21F38DCEB00AF718C /* QuoteBuilderViewController.swift */ = {isa = PBXFileReference; fileEncoding = 4; lastKnownFileType = sourcecode.swift; path = QuoteBuilderViewController.swift; sourceTree = "<group>"; };
		7EC75F621F38E447004E29DF /* APIManager.swift */ = {isa = PBXFileReference; fileEncoding = 4; lastKnownFileType = sourcecode.swift; path = APIManager.swift; sourceTree = "<group>"; };
		7EC75F661F38E46E004E29DF /* Quote.swift */ = {isa = PBXFileReference; fileEncoding = 4; lastKnownFileType = sourcecode.swift; path = Quote.swift; sourceTree = "<group>"; };
		7EC75F6B1F38EA41004E29DF /* MainViewController.swift */ = {isa = PBXFileReference; fileEncoding = 4; lastKnownFileType = sourcecode.swift; name = MainViewController.swift; path = ../MainViewController.swift; sourceTree = "<group>"; };
		AC3B622E9D1111B28F5803A6 /* Pods-Quote App.debug.xcconfig */ = {isa = PBXFileReference; includeInIndex = 1; lastKnownFileType = text.xcconfig; name = "Pods-Quote App.debug.xcconfig"; path = "Pods/Target Support Files/Pods-Quote App/Pods-Quote App.debug.xcconfig"; sourceTree = "<group>"; };
/* End PBXFileReference section */

/* Begin PBXFrameworksBuildPhase section */
		7E3E6BB71F38DB5700AF718C /* Frameworks */ = {
			isa = PBXFrameworksBuildPhase;
			buildActionMask = 2147483647;
			files = (
				2B2D3222881F806E96D7ED70 /* Pods_Quote_App.framework in Frameworks */,
			);
			runOnlyForDeploymentPostprocessing = 0;
		};
/* End PBXFrameworksBuildPhase section */

/* Begin PBXGroup section */
		4B8D524F0313DF242050F95A /* Frameworks */ = {
			isa = PBXGroup;
			children = (
				4945827A100CCBD62DADD355 /* Pods_Quote_App.framework */,
			);
			name = Frameworks;
			sourceTree = "<group>";
		};
		4F27B90AB3FF4199668A4538 /* Pods */ = {
			isa = PBXGroup;
			children = (
				AC3B622E9D1111B28F5803A6 /* Pods-Quote App.debug.xcconfig */,
				5C9E17FA0DC0C81F88F604CB /* Pods-Quote App.release.xcconfig */,
			);
			name = Pods;
			sourceTree = "<group>";
		};
		7E3E6BB11F38DB5700AF718C = {
			isa = PBXGroup;
			children = (
				7E3E6BBC1F38DB5700AF718C /* Quote App */,
				7E3E6BBB1F38DB5700AF718C /* Products */,
				4F27B90AB3FF4199668A4538 /* Pods */,
				4B8D524F0313DF242050F95A /* Frameworks */,
			);
			sourceTree = "<group>";
		};
		7E3E6BBB1F38DB5700AF718C /* Products */ = {
			isa = PBXGroup;
			children = (
				7E3E6BBA1F38DB5700AF718C /* Quote App.app */,
			);
			name = Products;
			sourceTree = "<group>";
		};
		7E3E6BBC1F38DB5700AF718C /* Quote App */ = {
			isa = PBXGroup;
			children = (
				7E3E6BBD1F38DB5700AF718C /* AppDelegate.swift */,
				7E3E6BD01F38DC4800AF718C /* CustomTableViewCell.swift */,
				7E3E6BD21F38DCEB00AF718C /* QuoteBuilderViewController.swift */,
				7EC75F6B1F38EA41004E29DF /* MainViewController.swift */,
				7E3E6BC11F38DB5700AF718C /* Main.storyboard */,
				7EC75F621F38E447004E29DF /* APIManager.swift */,
				7EC75F661F38E46E004E29DF /* Quote.swift */,
				7E3E6BCF1F38DB5E00AF718C /* Supporting */,
			);
			path = "Quote App";
			sourceTree = "<group>";
		};
		7E3E6BCF1F38DB5E00AF718C /* Supporting */ = {
			isa = PBXGroup;
			children = (
				7E3E6BC41F38DB5700AF718C /* Assets.xcassets */,
				7E3E6BC61F38DB5700AF718C /* LaunchScreen.storyboard */,
				7E3E6BC91F38DB5700AF718C /* Info.plist */,
			);
			name = Supporting;
			sourceTree = "<group>";
		};
/* End PBXGroup section */

/* Begin PBXNativeTarget section */
		7E3E6BB91F38DB5700AF718C /* Quote App */ = {
			isa = PBXNativeTarget;
			buildConfigurationList = 7E3E6BCC1F38DB5700AF718C /* Build configuration list for PBXNativeTarget "Quote App" */;
			buildPhases = (
				1F0A97857CB94DA879BB430D /* [CP] Check Pods Manifest.lock */,
				7E3E6BB61F38DB5700AF718C /* Sources */,
				7E3E6BB71F38DB5700AF718C /* Frameworks */,
				7E3E6BB81F38DB5700AF718C /* Resources */,
				D7380AC0451A34FA6F959082 /* [CP] Embed Pods Frameworks */,
				6010C92A639B139D4C476819 /* [CP] Copy Pods Resources */,
			);
			buildRules = (
			);
			dependencies = (
			);
			name = "Quote App";
			productName = "Quote App";
			productReference = 7E3E6BBA1F38DB5700AF718C /* Quote App.app */;
			productType = "com.apple.product-type.application";
		};
/* End PBXNativeTarget section */

/* Begin PBXProject section */
		7E3E6BB21F38DB5700AF718C /* Project object */ = {
			isa = PBXProject;
			attributes = {
				LastSwiftUpdateCheck = 0830;
				LastUpgradeCheck = 0830;
				ORGANIZATIONNAME = "Thiago Hissa";
				TargetAttributes = {
					7E3E6BB91F38DB5700AF718C = {
						CreatedOnToolsVersion = 8.3.3;
						ProvisioningStyle = Automatic;
					};
				};
			};
			buildConfigurationList = 7E3E6BB51F38DB5700AF718C /* Build configuration list for PBXProject "Quote App" */;
			compatibilityVersion = "Xcode 3.2";
			developmentRegion = English;
			hasScannedForEncodings = 0;
			knownRegions = (
				en,
				Base,
			);
			mainGroup = 7E3E6BB11F38DB5700AF718C;
			productRefGroup = 7E3E6BBB1F38DB5700AF718C /* Products */;
			projectDirPath = "";
			projectRoot = "";
			targets = (
				7E3E6BB91F38DB5700AF718C /* Quote App */,
			);
		};
/* End PBXProject section */

/* Begin PBXResourcesBuildPhase section */
		7E3E6BB81F38DB5700AF718C /* Resources */ = {
			isa = PBXResourcesBuildPhase;
			buildActionMask = 2147483647;
			files = (
				7E3E6BC81F38DB5700AF718C /* LaunchScreen.storyboard in Resources */,
				7E3E6BC51F38DB5700AF718C /* Assets.xcassets in Resources */,
				7E3E6BC31F38DB5700AF718C /* Main.storyboard in Resources */,
			);
			runOnlyForDeploymentPostprocessing = 0;
		};
/* End PBXResourcesBuildPhase section */

/* Begin PBXShellScriptBuildPhase section */
		1F0A97857CB94DA879BB430D /* [CP] Check Pods Manifest.lock */ = {
			isa = PBXShellScriptBuildPhase;
			buildActionMask = 2147483647;
			files = (
			);
			inputPaths = (
			);
			name = "[CP] Check Pods Manifest.lock";
			outputPaths = (
			);
			runOnlyForDeploymentPostprocessing = 0;
			shellPath = /bin/sh;
			shellScript = "diff \"${PODS_ROOT}/../Podfile.lock\" \"${PODS_ROOT}/Manifest.lock\" > /dev/null\nif [ $? != 0 ] ; then\n    # print error to STDERR\n    echo \"error: The sandbox is not in sync with the Podfile.lock. Run 'pod install' or update your CocoaPods installation.\" >&2\n    exit 1\nfi\n";
			showEnvVarsInLog = 0;
		};
		6010C92A639B139D4C476819 /* [CP] Copy Pods Resources */ = {
			isa = PBXShellScriptBuildPhase;
			buildActionMask = 2147483647;
			files = (
			);
			inputPaths = (
			);
			name = "[CP] Copy Pods Resources";
			outputPaths = (
			);
			runOnlyForDeploymentPostprocessing = 0;
			shellPath = /bin/sh;
			shellScript = "\"${SRCROOT}/Pods/Target Support Files/Pods-Quote App/Pods-Quote App-resources.sh\"\n";
			showEnvVarsInLog = 0;
		};
		D7380AC0451A34FA6F959082 /* [CP] Embed Pods Frameworks */ = {
			isa = PBXShellScriptBuildPhase;
			buildActionMask = 2147483647;
			files = (
			);
			inputPaths = (
			);
			name = "[CP] Embed Pods Frameworks";
			outputPaths = (
			);
			runOnlyForDeploymentPostprocessing = 0;
			shellPath = /bin/sh;
			shellScript = "\"${SRCROOT}/Pods/Target Support Files/Pods-Quote App/Pods-Quote App-frameworks.sh\"\n";
			showEnvVarsInLog = 0;
		};
/* End PBXShellScriptBuildPhase section */

/* Begin PBXSourcesBuildPhase section */
		7E3E6BB61F38DB5700AF718C /* Sources */ = {
			isa = PBXSourcesBuildPhase;
			buildActionMask = 2147483647;
			files = (
				7EC75F6C1F38EA41004E29DF /* MainViewController.swift in Sources */,
				7E3E6BD11F38DC4800AF718C /* CustomTableViewCell.swift in Sources */,
				7E3E6BD31F38DCEB00AF718C /* QuoteBuilderViewController.swift in Sources */,
				7EC75F631F38E447004E29DF /* APIManager.swift in Sources */,
				7E3E6BBE1F38DB5700AF718C /* AppDelegate.swift in Sources */,
				7EC75F671F38E46E004E29DF /* Quote.swift in Sources */,
			);
			runOnlyForDeploymentPostprocessing = 0;
		};
/* End PBXSourcesBuildPhase section */

/* Begin PBXVariantGroup section */
		7E3E6BC11F38DB5700AF718C /* Main.storyboard */ = {
			isa = PBXVariantGroup;
			children = (
				7E3E6BC21F38DB5700AF718C /* Base */,
			);
			name = Main.storyboard;
			sourceTree = "<group>";
		};
		7E3E6BC61F38DB5700AF718C /* LaunchScreen.storyboard */ = {
			isa = PBXVariantGroup;
			children = (
				7E3E6BC71F38DB5700AF718C /* Base */,
			);
			name = LaunchScreen.storyboard;
			sourceTree = "<group>";
		};
/* End PBXVariantGroup section */

/* Begin XCBuildConfiguration section */
		7E3E6BCA1F38DB5700AF718C /* Debug */ = {
			isa = XCBuildConfiguration;
			buildSettings = {
				ALWAYS_SEARCH_USER_PATHS = NO;
				CLANG_ANALYZER_NONNULL = YES;
				CLANG_ANALYZER_NUMBER_OBJECT_CONVERSION = YES_AGGRESSIVE;
				CLANG_CXX_LANGUAGE_STANDARD = "gnu++0x";
				CLANG_CXX_LIBRARY = "libc++";
				CLANG_ENABLE_MODULES = YES;
				CLANG_ENABLE_OBJC_ARC = YES;
				CLANG_WARN_BOOL_CONVERSION = YES;
				CLANG_WARN_CONSTANT_CONVERSION = YES;
				CLANG_WARN_DIRECT_OBJC_ISA_USAGE = YES_ERROR;
				CLANG_WARN_DOCUMENTATION_COMMENTS = YES;
				CLANG_WARN_EMPTY_BODY = YES;
				CLANG_WARN_ENUM_CONVERSION = YES;
				CLANG_WARN_INFINITE_RECURSION = YES;
				CLANG_WARN_INT_CONVERSION = YES;
				CLANG_WARN_OBJC_ROOT_CLASS = YES_ERROR;
				CLANG_WARN_SUSPICIOUS_MOVE = YES;
				CLANG_WARN_UNREACHABLE_CODE = YES;
				CLANG_WARN__DUPLICATE_METHOD_MATCH = YES;
				"CODE_SIGN_IDENTITY[sdk=iphoneos*]" = "iPhone Developer";
				COPY_PHASE_STRIP = NO;
				DEBUG_INFORMATION_FORMAT = dwarf;
				ENABLE_STRICT_OBJC_MSGSEND = YES;
				ENABLE_TESTABILITY = YES;
				GCC_C_LANGUAGE_STANDARD = gnu99;
				GCC_DYNAMIC_NO_PIC = NO;
				GCC_NO_COMMON_BLOCKS = YES;
				GCC_OPTIMIZATION_LEVEL = 0;
				GCC_PREPROCESSOR_DEFINITIONS = (
					"DEBUG=1",
					"$(inherited)",
				);
				GCC_WARN_64_TO_32_BIT_CONVERSION = YES;
				GCC_WARN_ABOUT_RETURN_TYPE = YES_ERROR;
				GCC_WARN_UNDECLARED_SELECTOR = YES;
				GCC_WARN_UNINITIALIZED_AUTOS = YES_AGGRESSIVE;
				GCC_WARN_UNUSED_FUNCTION = YES;
				GCC_WARN_UNUSED_VARIABLE = YES;
				IPHONEOS_DEPLOYMENT_TARGET = 10.3;
				MTL_ENABLE_DEBUG_INFO = YES;
				ONLY_ACTIVE_ARCH = YES;
				SDKROOT = iphoneos;
				SWIFT_ACTIVE_COMPILATION_CONDITIONS = DEBUG;
				SWIFT_OPTIMIZATION_LEVEL = "-Onone";
			};
			name = Debug;
		};
		7E3E6BCB1F38DB5700AF718C /* Release */ = {
			isa = XCBuildConfiguration;
			buildSettings = {
				ALWAYS_SEARCH_USER_PATHS = NO;
				CLANG_ANALYZER_NONNULL = YES;
				CLANG_ANALYZER_NUMBER_OBJECT_CONVERSION = YES_AGGRESSIVE;
				CLANG_CXX_LANGUAGE_STANDARD = "gnu++0x";
				CLANG_CXX_LIBRARY = "libc++";
				CLANG_ENABLE_MODULES = YES;
				CLANG_ENABLE_OBJC_ARC = YES;
				CLANG_WARN_BOOL_CONVERSION = YES;
				CLANG_WARN_CONSTANT_CONVERSION = YES;
				CLANG_WARN_DIRECT_OBJC_ISA_USAGE = YES_ERROR;
				CLANG_WARN_DOCUMENTATION_COMMENTS = YES;
				CLANG_WARN_EMPTY_BODY = YES;
				CLANG_WARN_ENUM_CONVERSION = YES;
				CLANG_WARN_INFINITE_RECURSION = YES;
				CLANG_WARN_INT_CONVERSION = YES;
				CLANG_WARN_OBJC_ROOT_CLASS = YES_ERROR;
				CLANG_WARN_SUSPICIOUS_MOVE = YES;
				CLANG_WARN_UNREACHABLE_CODE = YES;
				CLANG_WARN__DUPLICATE_METHOD_MATCH = YES;
				"CODE_SIGN_IDENTITY[sdk=iphoneos*]" = "iPhone Developer";
				COPY_PHASE_STRIP = NO;
				DEBUG_INFORMATION_FORMAT = "dwarf-with-dsym";
				ENABLE_NS_ASSERTIONS = NO;
				ENABLE_STRICT_OBJC_MSGSEND = YES;
				GCC_C_LANGUAGE_STANDARD = gnu99;
				GCC_NO_COMMON_BLOCKS = YES;
				GCC_WARN_64_TO_32_BIT_CONVERSION = YES;
				GCC_WARN_ABOUT_RETURN_TYPE = YES_ERROR;
				GCC_WARN_UNDECLARED_SELECTOR = YES;
				GCC_WARN_UNINITIALIZED_AUTOS = YES_AGGRESSIVE;
				GCC_WARN_UNUSED_FUNCTION = YES;
				GCC_WARN_UNUSED_VARIABLE = YES;
				IPHONEOS_DEPLOYMENT_TARGET = 10.3;
				MTL_ENABLE_DEBUG_INFO = NO;
				SDKROOT = iphoneos;
				SWIFT_OPTIMIZATION_LEVEL = "-Owholemodule";
				VALIDATE_PRODUCT = YES;
			};
			name = Release;
		};
		7E3E6BCD1F38DB5700AF718C /* Debug */ = {
			isa = XCBuildConfiguration;
			baseConfigurationReference = AC3B622E9D1111B28F5803A6 /* Pods-Quote App.debug.xcconfig */;
			buildSettings = {
				ASSETCATALOG_COMPILER_APPICON_NAME = AppIcon;
				INFOPLIST_FILE = "Quote App/Info.plist";
				LD_RUNPATH_SEARCH_PATHS = "$(inherited) @executable_path/Frameworks";
				PRODUCT_BUNDLE_IDENTIFIER = "com.cplayground.Quote-App";
				PRODUCT_NAME = "$(TARGET_NAME)";
				SWIFT_VERSION = 3.0;
			};
			name = Debug;
		};
		7E3E6BCE1F38DB5700AF718C /* Release */ = {
			isa = XCBuildConfiguration;
			baseConfigurationReference = 5C9E17FA0DC0C81F88F604CB /* Pods-Quote App.release.xcconfig */;
			buildSettings = {
				ASSETCATALOG_COMPILER_APPICON_NAME = AppIcon;
				INFOPLIST_FILE = "Quote App/Info.plist";
				LD_RUNPATH_SEARCH_PATHS = "$(inherited) @executable_path/Frameworks";
				PRODUCT_BUNDLE_IDENTIFIER = "com.cplayground.Quote-App";
				PRODUCT_NAME = "$(TARGET_NAME)";
				SWIFT_VERSION = 3.0;
			};
			name = Release;
		};
/* End XCBuildConfiguration section */

/* Begin XCConfigurationList section */
		7E3E6BB51F38DB5700AF718C /* Build configuration list for PBXProject "Quote App" */ = {
			isa = XCConfigurationList;
			buildConfigurations = (
				7E3E6BCA1F38DB5700AF718C /* Debug */,
				7E3E6BCB1F38DB5700AF718C /* Release */,
			);
			defaultConfigurationIsVisible = 0;
			defaultConfigurationName = Release;
		};
		7E3E6BCC1F38DB5700AF718C /* Build configuration list for PBXNativeTarget "Quote App" */ = {
			isa = XCConfigurationList;
			buildConfigurations = (
				7E3E6BCD1F38DB5700AF718C /* Debug */,
				7E3E6BCE1F38DB5700AF718C /* Release */,
			);
			defaultConfigurationIsVisible = 0;
			defaultConfigurationName = Release;
		};
/* End XCConfigurationList section */
	};
	rootObject = 7E3E6BB21F38DB5700AF718C /* Project object */;
}
